<?xml version="1.0" encoding="utf-8"?>
<Project ToolsVersion="4.0" xmlns="http://schemas.microsoft.com/developer/msbuild/2003">
  <ItemGroup>
    <Filter Include="Source Files">
      <UniqueIdentifier>{4FC737F1-C7A5-4376-A066-2A32D752A2FF}</UniqueIdentifier>
      <Extensions>cpp;c;cc;cxx;c++;cppm;ixx;def;odl;idl;hpj;bat;asm;asmx</Extensions>
    </Filter>
    <Filter Include="Header Files">
      <UniqueIdentifier>{93995380-89BD-4b04-88EB-625FBE52EBFB}</UniqueIdentifier>
      <Extensions>h;hh;hpp;hxx;h++;hm;inl;inc;ipp;xsd</Extensions>
    </Filter>
    <Filter Include="Resource Files">
      <UniqueIdentifier>{67DA6AB6-F800-4c08-8B7A-83BB121AAD01}</UniqueIdentifier>
      <Extensions>rc;ico;cur;bmp;dlg;rc2;rct;bin;rgs;gif;jpg;jpeg;jpe;resx;tiff;tif;png;wav;mfcribbon-ms</Extensions>
    </Filter>
    <Filter Include="dx_control">
      <UniqueIdentifier>{55c3ef6d-5920-4972-b836-7eda76e30f68}</UniqueIdentifier>
    </Filter>
    <Filter Include="skgui">
      <UniqueIdentifier>{2e611cfe-f393-4be8-8d1a-a229ae892146}</UniqueIdentifier>
    </Filter>
  </ItemGroup>
  <ItemGroup>
    <ClInclude Include="VideoProject.h">
      <Filter>Header Files</Filter>
    </ClInclude>
    <ClInclude Include="VideoProjectDlg.h">
      <Filter>Header Files</Filter>
    </ClInclude>
    <ClInclude Include="framework.h">
      <Filter>Header Files</Filter>
    </ClInclude>
    <ClInclude Include="targetver.h">
      <Filter>Header Files</Filter>
    </ClInclude>
    <ClInclude Include="Resource.h">
      <Filter>Header Files</Filter>
    </ClInclude>
    <ClInclude Include="pch.h">
      <Filter>Header Files</Filter>
    </ClInclude>
    <ClInclude Include="Dx3D9.h">
      <Filter>dx_control</Filter>
    </ClInclude>
    <ClInclude Include="DxDefs.h">
      <Filter>dx_control</Filter>
    </ClInclude>
    <ClInclude Include="dxs_control_exe.h">
      <Filter>dx_control</Filter>
    </ClInclude>
    <ClInclude Include="Dxs3D9.h">
      <Filter>dx_control</Filter>
    </ClInclude>
    <ClInclude Include="ClientDlg.h">
      <Filter>Header Files</Filter>
    </ClInclude>
    <ClInclude Include="cmn_global.h">
      <Filter>Header Files</Filter>
    </ClInclude>
    <ClInclude Include="common.h">
      <Filter>Header Files</Filter>
    </ClInclude>
    <ClInclude Include="ServerDlg.h">
      <Filter>Header Files</Filter>
    </ClInclude>
    <ClInclude Include="VinputControl.h">
      <Filter>Header Files</Filter>
    </ClInclude>
    <ClInclude Include="H264DEC.h">
      <Filter>Header Files</Filter>
    </ClInclude>
    <ClInclude Include="H264ENC.h">
      <Filter>Header Files</Filter>
    </ClInclude>
    <ClInclude Include="SockDefs.h">
      <Filter>Header Files</Filter>
    </ClInclude>
    <ClInclude Include="DialogDefs.h">
      <Filter>Header Files</Filter>
    </ClInclude>
    <ClInclude Include="..\skgui\DiskObject.h">
      <Filter>skgui</Filter>
    </ClInclude>
    <ClInclude Include="..\skgui\IconButton.h">
      <Filter>skgui</Filter>
    </ClInclude>
    <ClInclude Include="..\skgui\Theme.h">
      <Filter>skgui</Filter>
    </ClInclude>
    <ClInclude Include="ConfigSvrDlg.h">
      <Filter>Header Files</Filter>
    </ClInclude>
    <ClInclude Include="ConnectDlg.h">
      <Filter>Header Files</Filter>
    </ClInclude>
  </ItemGroup>
  <ItemGroup>
    <ClCompile Include="VideoProject.cpp">
      <Filter>Source Files</Filter>
    </ClCompile>
    <ClCompile Include="VideoProjectDlg.cpp">
      <Filter>Source Files</Filter>
    </ClCompile>
    <ClCompile Include="pch.cpp">
      <Filter>Source Files</Filter>
    </ClCompile>
    <ClCompile Include="Dx3D9.cpp">
      <Filter>dx_control</Filter>
    </ClCompile>
    <ClCompile Include="dxs_control_exe.cpp">
      <Filter>dx_control</Filter>
    </ClCompile>
    <ClCompile Include="Dxs3D9.cpp">
      <Filter>dx_control</Filter>
    </ClCompile>
    <ClCompile Include="ClientDlg.cpp">
      <Filter>Source Files</Filter>
    </ClCompile>
    <ClCompile Include="cmn_global.cpp">
      <Filter>Source Files</Filter>
    </ClCompile>
    <ClCompile Include="ServerDlg.cpp">
      <Filter>Source Files</Filter>
    </ClCompile>
    <ClCompile Include="VinputControl.cpp">
      <Filter>Source Files</Filter>
    </ClCompile>
    <ClCompile Include="H264DEC.cpp">
      <Filter>Source Files</Filter>
    </ClCompile>
    <ClCompile Include="H264ENC.cpp">
      <Filter>Source Files</Filter>
    </ClCompile>
    <ClCompile Include="..\skgui\DiskObject.cpp">
      <Filter>skgui</Filter>
    </ClCompile>
    <ClCompile Include="..\skgui\IconButton.cpp">
      <Filter>skgui</Filter>
    </ClCompile>
    <ClCompile Include="..\skgui\Theme.cpp">
      <Filter>skgui</Filter>
    </ClCompile>
    <ClCompile Include="ConfigSvrDlg.cpp">
      <Filter>Source Files</Filter>
    </ClCompile>
    <ClCompile Include="ConnectDlg.cpp">
      <Filter>Source Files</Filter>
    </ClCompile>
  </ItemGroup>
  <ItemGroup>
    <ResourceCompile Include="VideoProject.rc">
      <Filter>Resource Files</Filter>
    </ResourceCompile>
  </ItemGroup>
  <ItemGroup>
    <None Include="res\VideoProject.rc2">
      <Filter>Resource Files</Filter>
    </None>
  </ItemGroup>
  <ItemGroup>
    <Image Include="res\VideoProject.ico">
      <Filter>Resource Files</Filter>
    </Image>
  </ItemGroup>
</Project>